
Microsoft Visual Studio Solution File, Format Version 12.00
# Visual Studio 15
VisualStudioVersion = 15.0.27130.2020
MinimumVisualStudioVersion = 10.0.40219.1
Project("{FAE04EC0-301F-11D3-BF4B-00C04F79EFBC}") = "T.P5", "T.P5\T.P5.csproj", "{2ADEEB3A-003C-4B03-97A0-EF4CDF22310B}"
EndProject
Global
	GlobalSection(SolutionConfigurationPlatforms) = preSolution
		Debug|Any CPU = Debug|Any CPU
		Release|Any CPU = Release|Any CPU
	EndGlobalSection
	GlobalSection(ProjectConfigurationPlatforms) = postSolution
		{2ADEEB3A-003C-4B03-97A0-EF4CDF22310B}.Debug|Any CPU.ActiveCfg = Debug|Any CPU
		{2ADEEB3A-003C-4B03-97A0-EF4CDF22310B}.Debug|Any CPU.Build.0 = Debug|Any CPU
		{2ADEEB3A-003C-4B03-97A0-EF4CDF22310B}.Release|Any CPU.ActiveCfg = Release|Any CPU
		{2ADEEB3A-003C-4B03-97A0-EF4CDF22310B}.Release|Any CPU.Build.0 = Release|Any CPU
	EndGlobalSection
	GlobalSection(SolutionProperties) = preSolution
		HideSolutionNode = FALSE
	EndGlobalSection
	GlobalSection(ExtensibilityGlobals) = postSolution
		SolutionGuid = {D3D8024B-7D2C-4794-97B2-328E7CB16E1A}
	EndGlobalSection
EndGlobal
